
Microsoft Visual Studio Solution File, Format Version 12.00
# Visual Studio Version 16
VisualStudioVersion = 16.0.28803.156
MinimumVisualStudioVersion = 10.0.40219.1
Project("{9A19103F-16F7-4668-BE54-9A1E7A4F7556}") = "DataMungingKata", "DataMungingKata\DataMungingKata.csproj", "{A90FDE07-E847-412E-A6B9-D1B6B9F990D3}"
EndProject
Project("{2150E333-8FDC-42A3-9474-1A3956D46DE8}") = "Solution Items", "Solution Items", "{35E10E21-6B38-43CC-B130-459E688CA89B}"
	ProjectSection(SolutionItems) = preProject
		football.dat = football.dat
		ReadMe.md = ReadMe.md
		weather.dat = weather.dat
	EndProjectSection
EndProject
Project("{9A19103F-16F7-4668-BE54-9A1E7A4F7556}") = "DataMungingKata.Tests", "DataMungingKata.Tests\DataMungingKata.Tests.csproj", "{FD16133B-49D7-4CD7-AEBC-032D7B86F8DB}"
EndProject
Project("{9A19103F-16F7-4668-BE54-9A1E7A4F7556}") = "DataMungingPartTwo", "DataMungingPartTwo\DataMungingPartTwo.csproj", "{161F0EF8-5DBA-4A2C-AE88-A6314874EE16}"
EndProject
Project("{9A19103F-16F7-4668-BE54-9A1E7A4F7556}") = "DataMungingPartTwo.Tests", "DataMungingPartTwo.Tests\DataMungingPartTwo.Tests.csproj", "{0CD291EE-B7A4-4D2D-BAFA-BD7BAC4DCF25}"
EndProject
Project("{2150E333-8FDC-42A3-9474-1A3956D46DE8}") = "PartThree", "PartThree", "{F9E00131-A7DB-47A4-9216-3BC75D96DAA0}"
EndProject
Project("{FAE04EC0-301F-11D3-BF4B-00C04F79EFBC}") = "DataMungingPartThree", "DataMungingPartThree\DataMungingPartThree.csproj", "{A88058CA-1CA9-4BB1-AF13-B7D02D801BE6}"
EndProject
Project("{FAE04EC0-301F-11D3-BF4B-00C04F79EFBC}") = "DataMungingPartThree.Tests", "DataMungingPartThree.Tests\DataMungingPartThree.Tests.csproj", "{FDE270D2-346E-478A-ADE7-11C865D18308}"
EndProject
Global
	GlobalSection(SolutionConfigurationPlatforms) = preSolution
		Debug|Any CPU = Debug|Any CPU
		Release|Any CPU = Release|Any CPU
	EndGlobalSection
	GlobalSection(ProjectConfigurationPlatforms) = postSolution
		{A90FDE07-E847-412E-A6B9-D1B6B9F990D3}.Debug|Any CPU.ActiveCfg = Debug|Any CPU
		{A90FDE07-E847-412E-A6B9-D1B6B9F990D3}.Debug|Any CPU.Build.0 = Debug|Any CPU
		{A90FDE07-E847-412E-A6B9-D1B6B9F990D3}.Release|Any CPU.ActiveCfg = Release|Any CPU
		{A90FDE07-E847-412E-A6B9-D1B6B9F990D3}.Release|Any CPU.Build.0 = Release|Any CPU
		{FD16133B-49D7-4CD7-AEBC-032D7B86F8DB}.Debug|Any CPU.ActiveCfg = Debug|Any CPU
		{FD16133B-49D7-4CD7-AEBC-032D7B86F8DB}.Debug|Any CPU.Build.0 = Debug|Any CPU
		{FD16133B-49D7-4CD7-AEBC-032D7B86F8DB}.Release|Any CPU.ActiveCfg = Release|Any CPU
		{FD16133B-49D7-4CD7-AEBC-032D7B86F8DB}.Release|Any CPU.Build.0 = Release|Any CPU
		{161F0EF8-5DBA-4A2C-AE88-A6314874EE16}.Debug|Any CPU.ActiveCfg = Debug|Any CPU
		{161F0EF8-5DBA-4A2C-AE88-A6314874EE16}.Debug|Any CPU.Build.0 = Debug|Any CPU
		{161F0EF8-5DBA-4A2C-AE88-A6314874EE16}.Release|Any CPU.ActiveCfg = Release|Any CPU
		{161F0EF8-5DBA-4A2C-AE88-A6314874EE16}.Release|Any CPU.Build.0 = Release|Any CPU
		{0CD291EE-B7A4-4D2D-BAFA-BD7BAC4DCF25}.Debug|Any CPU.ActiveCfg = Debug|Any CPU
		{0CD291EE-B7A4-4D2D-BAFA-BD7BAC4DCF25}.Debug|Any CPU.Build.0 = Debug|Any CPU
		{0CD291EE-B7A4-4D2D-BAFA-BD7BAC4DCF25}.Release|Any CPU.ActiveCfg = Release|Any CPU
		{0CD291EE-B7A4-4D2D-BAFA-BD7BAC4DCF25}.Release|Any CPU.Build.0 = Release|Any CPU
		{A88058CA-1CA9-4BB1-AF13-B7D02D801BE6}.Debug|Any CPU.ActiveCfg = Debug|Any CPU
		{A88058CA-1CA9-4BB1-AF13-B7D02D801BE6}.Debug|Any CPU.Build.0 = Debug|Any CPU
		{A88058CA-1CA9-4BB1-AF13-B7D02D801BE6}.Release|Any CPU.ActiveCfg = Release|Any CPU
		{A88058CA-1CA9-4BB1-AF13-B7D02D801BE6}.Release|Any CPU.Build.0 = Release|Any CPU
		{FDE270D2-346E-478A-ADE7-11C865D18308}.Debug|Any CPU.ActiveCfg = Debug|Any CPU
		{FDE270D2-346E-478A-ADE7-11C865D18308}.Debug|Any CPU.Build.0 = Debug|Any CPU
		{FDE270D2-346E-478A-ADE7-11C865D18308}.Release|Any CPU.ActiveCfg = Release|Any CPU
		{FDE270D2-346E-478A-ADE7-11C865D18308}.Release|Any CPU.Build.0 = Release|Any CPU
	EndGlobalSection
	GlobalSection(SolutionProperties) = preSolution
		HideSolutionNode = FALSE
	EndGlobalSection
	GlobalSection(NestedProjects) = preSolution
		{A88058CA-1CA9-4BB1-AF13-B7D02D801BE6} = {F9E00131-A7DB-47A4-9216-3BC75D96DAA0}
		{FDE270D2-346E-478A-ADE7-11C865D18308} = {F9E00131-A7DB-47A4-9216-3BC75D96DAA0}
	EndGlobalSection
	GlobalSection(ExtensibilityGlobals) = postSolution
		SolutionGuid = {05442B03-91AC-47E9-9151-BD2B9F5A27F4}
	EndGlobalSection
EndGlobal
