
Microsoft Visual Studio Solution File, Format Version 12.00
# Visual Studio Version 16
VisualStudioVersion = 16.0.28803.156
MinimumVisualStudioVersion = 10.0.40219.1
Project("{9A19103F-16F7-4668-BE54-9A1E7A4F7556}") = "DataMungingKata", "DataMungingKata\DataMungingKata.csproj", "{A90FDE07-E847-412E-A6B9-D1B6B9F990D3}"
EndProject
Project("{2150E333-8FDC-42A3-9474-1A3956D46DE8}") = "Solution Items", "Solution Items", "{35E10E21-6B38-43CC-B130-459E688CA89B}"
	ProjectSection(SolutionItems) = preProject
		football.dat = football.dat
		ReadMe.md = ReadMe.md
		weather.dat = weather.dat
		weather2.dat = weather2.dat
		weather3.dat = weather3.dat
	EndProjectSection
EndProject
Project("{9A19103F-16F7-4668-BE54-9A1E7A4F7556}") = "DataMungingKata.Tests", "DataMungingKata.Tests\DataMungingKata.Tests.csproj", "{FD16133B-49D7-4CD7-AEBC-032D7B86F8DB}"
EndProject
Project("{9A19103F-16F7-4668-BE54-9A1E7A4F7556}") = "DataMungingPartTwo", "DataMungingPartTwo\DataMungingPartTwo.csproj", "{161F0EF8-5DBA-4A2C-AE88-A6314874EE16}"
EndProject
Project("{9A19103F-16F7-4668-BE54-9A1E7A4F7556}") = "DataMungingPartTwo.Tests", "DataMungingPartTwo.Tests\DataMungingPartTwo.Tests.csproj", "{0CD291EE-B7A4-4D2D-BAFA-BD7BAC4DCF25}"
EndProject
Project("{2150E333-8FDC-42A3-9474-1A3956D46DE8}") = "PartThree", "PartThree", "{F9E00131-A7DB-47A4-9216-3BC75D96DAA0}"
EndProject
Project("{9A19103F-16F7-4668-BE54-9A1E7A4F7556}") = "DataMungingPartThree", "PartThree\DataMungingPartThree\DataMungingPartThree.csproj", "{A88058CA-1CA9-4BB1-AF13-B7D02D801BE6}"
EndProject
Project("{9A19103F-16F7-4668-BE54-9A1E7A4F7556}") = "DataMungingCore", "PartThree\DataMungingCore\DataMungingCore.csproj", "{3C603B60-1A78-4702-9241-937A8B8A24B3}"
EndProject
Project("{9A19103F-16F7-4668-BE54-9A1E7A4F7556}") = "WeatherComponent", "PartThree\WeatherComponent\WeatherComponent.csproj", "{36B6D9E7-4E75-4BC6-8F3B-C98A0D0A54B0}"
EndProject
Project("{9A19103F-16F7-4668-BE54-9A1E7A4F7556}") = "WeatherComponent.Tests", "PartThree\WeatherComponent.Tests\WeatherComponent.Tests.csproj", "{DB439428-930F-4682-A733-D3678D4417E4}"
EndProject
Project("{9A19103F-16F7-4668-BE54-9A1E7A4F7556}") = "DataMungingCore.Tests", "PartThree\DataMungingCore.Tests\DataMungingCore.Tests.csproj", "{4F0B4FDD-E1EE-4EB2-98F3-B52F89ED8A57}"
EndProject
Project("{9A19103F-16F7-4668-BE54-9A1E7A4F7556}") = "FootballComponent", "PartThree\FootballComponent\FootballComponent.csproj", "{435CE8F4-974A-4FAC-A920-47942F0B3118}"
EndProject
Project("{9A19103F-16F7-4668-BE54-9A1E7A4F7556}") = "FootballComponent.Tests", "PartThree\FootballComponent.Tests\FootballComponent.Tests.csproj", "{5E736DF1-0E84-4002-9C40-233D8D78664F}"
EndProject
Project("{2150E333-8FDC-42A3-9474-1A3956D46DE8}") = "PartThree-Refactor", "PartThree-Refactor", "{0F5F923A-B76D-4CFE-B866-7FB229D7C7D6}"
	ProjectSection(SolutionItems) = preProject
		PartThree-Refactor\ReadMe.md = PartThree-Refactor\ReadMe.md
	EndProjectSection
EndProject
Project("{9A19103F-16F7-4668-BE54-9A1E7A4F7556}") = "DataMungingCoreV2", "PartThree-Refactor\DataMungingCore\DataMungingCoreV2.csproj", "{1AD58FA7-8EEF-4067-AAB4-8DE0FE818380}"
EndProject
Project("{9A19103F-16F7-4668-BE54-9A1E7A4F7556}") = "DataMungingCoreV2.Tests", "PartThree-Refactor\DataMungingCore.Tests\DataMungingCoreV2.Tests.csproj", "{B57C30A0-A139-48C7-AD1A-D0AF16E8F2F4}"
EndProject
Project("{9A19103F-16F7-4668-BE54-9A1E7A4F7556}") = "DataMungingPartThreeV2", "PartThree-Refactor\DataMungingPartThree\DataMungingPartThreeV2.csproj", "{6F43D814-4F86-4F34-A66C-2110CADEA8D6}"
EndProject
Project("{9A19103F-16F7-4668-BE54-9A1E7A4F7556}") = "FootballComponentV2", "PartThree-Refactor\FootballComponent\FootballComponentV2.csproj", "{C6182D6C-504A-4C66-8FD2-428BC0CF06BB}"
EndProject
Project("{9A19103F-16F7-4668-BE54-9A1E7A4F7556}") = "FootballComponentV2.Tests", "PartThree-Refactor\FootballComponent.Tests\FootballComponentV2.Tests.csproj", "{D5655C05-59B6-47DB-B4CE-FBF908AA4AE7}"
EndProject
Project("{9A19103F-16F7-4668-BE54-9A1E7A4F7556}") = "WeatherComponentV2", "PartThree-Refactor\WeatherComponent\WeatherComponentV2.csproj", "{AAE6FC92-61C9-4F4D-B754-DE0CE12B8884}"
EndProject
Project("{9A19103F-16F7-4668-BE54-9A1E7A4F7556}") = "WeatherComponentV2.Tests", "PartThree-Refactor\WeatherComponent.Tests\WeatherComponentV2.Tests.csproj", "{6D07A034-DD74-45E9-9677-0F8766C3059F}"
EndProject
Global
	GlobalSection(SolutionConfigurationPlatforms) = preSolution
		Debug|Any CPU = Debug|Any CPU
		Release|Any CPU = Release|Any CPU
	EndGlobalSection
	GlobalSection(ProjectConfigurationPlatforms) = postSolution
		{A90FDE07-E847-412E-A6B9-D1B6B9F990D3}.Debug|Any CPU.ActiveCfg = Debug|Any CPU
		{A90FDE07-E847-412E-A6B9-D1B6B9F990D3}.Debug|Any CPU.Build.0 = Debug|Any CPU
		{A90FDE07-E847-412E-A6B9-D1B6B9F990D3}.Release|Any CPU.ActiveCfg = Release|Any CPU
		{A90FDE07-E847-412E-A6B9-D1B6B9F990D3}.Release|Any CPU.Build.0 = Release|Any CPU
		{FD16133B-49D7-4CD7-AEBC-032D7B86F8DB}.Debug|Any CPU.ActiveCfg = Debug|Any CPU
		{FD16133B-49D7-4CD7-AEBC-032D7B86F8DB}.Debug|Any CPU.Build.0 = Debug|Any CPU
		{FD16133B-49D7-4CD7-AEBC-032D7B86F8DB}.Release|Any CPU.ActiveCfg = Release|Any CPU
		{FD16133B-49D7-4CD7-AEBC-032D7B86F8DB}.Release|Any CPU.Build.0 = Release|Any CPU
		{161F0EF8-5DBA-4A2C-AE88-A6314874EE16}.Debug|Any CPU.ActiveCfg = Debug|Any CPU
		{161F0EF8-5DBA-4A2C-AE88-A6314874EE16}.Debug|Any CPU.Build.0 = Debug|Any CPU
		{161F0EF8-5DBA-4A2C-AE88-A6314874EE16}.Release|Any CPU.ActiveCfg = Release|Any CPU
		{161F0EF8-5DBA-4A2C-AE88-A6314874EE16}.Release|Any CPU.Build.0 = Release|Any CPU
		{0CD291EE-B7A4-4D2D-BAFA-BD7BAC4DCF25}.Debug|Any CPU.ActiveCfg = Debug|Any CPU
		{0CD291EE-B7A4-4D2D-BAFA-BD7BAC4DCF25}.Debug|Any CPU.Build.0 = Debug|Any CPU
		{0CD291EE-B7A4-4D2D-BAFA-BD7BAC4DCF25}.Release|Any CPU.ActiveCfg = Release|Any CPU
		{0CD291EE-B7A4-4D2D-BAFA-BD7BAC4DCF25}.Release|Any CPU.Build.0 = Release|Any CPU
		{A88058CA-1CA9-4BB1-AF13-B7D02D801BE6}.Debug|Any CPU.ActiveCfg = Debug|Any CPU
		{A88058CA-1CA9-4BB1-AF13-B7D02D801BE6}.Debug|Any CPU.Build.0 = Debug|Any CPU
		{A88058CA-1CA9-4BB1-AF13-B7D02D801BE6}.Release|Any CPU.ActiveCfg = Release|Any CPU
		{A88058CA-1CA9-4BB1-AF13-B7D02D801BE6}.Release|Any CPU.Build.0 = Release|Any CPU
		{3C603B60-1A78-4702-9241-937A8B8A24B3}.Debug|Any CPU.ActiveCfg = Debug|Any CPU
		{3C603B60-1A78-4702-9241-937A8B8A24B3}.Debug|Any CPU.Build.0 = Debug|Any CPU
		{3C603B60-1A78-4702-9241-937A8B8A24B3}.Release|Any CPU.ActiveCfg = Release|Any CPU
		{3C603B60-1A78-4702-9241-937A8B8A24B3}.Release|Any CPU.Build.0 = Release|Any CPU
		{36B6D9E7-4E75-4BC6-8F3B-C98A0D0A54B0}.Debug|Any CPU.ActiveCfg = Debug|Any CPU
		{36B6D9E7-4E75-4BC6-8F3B-C98A0D0A54B0}.Debug|Any CPU.Build.0 = Debug|Any CPU
		{36B6D9E7-4E75-4BC6-8F3B-C98A0D0A54B0}.Release|Any CPU.ActiveCfg = Release|Any CPU
		{36B6D9E7-4E75-4BC6-8F3B-C98A0D0A54B0}.Release|Any CPU.Build.0 = Release|Any CPU
		{DB439428-930F-4682-A733-D3678D4417E4}.Debug|Any CPU.ActiveCfg = Debug|Any CPU
		{DB439428-930F-4682-A733-D3678D4417E4}.Debug|Any CPU.Build.0 = Debug|Any CPU
		{DB439428-930F-4682-A733-D3678D4417E4}.Release|Any CPU.ActiveCfg = Release|Any CPU
		{DB439428-930F-4682-A733-D3678D4417E4}.Release|Any CPU.Build.0 = Release|Any CPU
		{4F0B4FDD-E1EE-4EB2-98F3-B52F89ED8A57}.Debug|Any CPU.ActiveCfg = Debug|Any CPU
		{4F0B4FDD-E1EE-4EB2-98F3-B52F89ED8A57}.Debug|Any CPU.Build.0 = Debug|Any CPU
		{4F0B4FDD-E1EE-4EB2-98F3-B52F89ED8A57}.Release|Any CPU.ActiveCfg = Release|Any CPU
		{4F0B4FDD-E1EE-4EB2-98F3-B52F89ED8A57}.Release|Any CPU.Build.0 = Release|Any CPU
		{435CE8F4-974A-4FAC-A920-47942F0B3118}.Debug|Any CPU.ActiveCfg = Debug|Any CPU
		{435CE8F4-974A-4FAC-A920-47942F0B3118}.Debug|Any CPU.Build.0 = Debug|Any CPU
		{435CE8F4-974A-4FAC-A920-47942F0B3118}.Release|Any CPU.ActiveCfg = Release|Any CPU
		{435CE8F4-974A-4FAC-A920-47942F0B3118}.Release|Any CPU.Build.0 = Release|Any CPU
		{5E736DF1-0E84-4002-9C40-233D8D78664F}.Debug|Any CPU.ActiveCfg = Debug|Any CPU
		{5E736DF1-0E84-4002-9C40-233D8D78664F}.Debug|Any CPU.Build.0 = Debug|Any CPU
		{5E736DF1-0E84-4002-9C40-233D8D78664F}.Release|Any CPU.ActiveCfg = Release|Any CPU
		{5E736DF1-0E84-4002-9C40-233D8D78664F}.Release|Any CPU.Build.0 = Release|Any CPU
		{1AD58FA7-8EEF-4067-AAB4-8DE0FE818380}.Debug|Any CPU.ActiveCfg = Debug|Any CPU
		{1AD58FA7-8EEF-4067-AAB4-8DE0FE818380}.Debug|Any CPU.Build.0 = Debug|Any CPU
		{1AD58FA7-8EEF-4067-AAB4-8DE0FE818380}.Release|Any CPU.ActiveCfg = Release|Any CPU
		{1AD58FA7-8EEF-4067-AAB4-8DE0FE818380}.Release|Any CPU.Build.0 = Release|Any CPU
		{B57C30A0-A139-48C7-AD1A-D0AF16E8F2F4}.Debug|Any CPU.ActiveCfg = Debug|Any CPU
		{B57C30A0-A139-48C7-AD1A-D0AF16E8F2F4}.Debug|Any CPU.Build.0 = Debug|Any CPU
		{B57C30A0-A139-48C7-AD1A-D0AF16E8F2F4}.Release|Any CPU.ActiveCfg = Release|Any CPU
		{B57C30A0-A139-48C7-AD1A-D0AF16E8F2F4}.Release|Any CPU.Build.0 = Release|Any CPU
		{6F43D814-4F86-4F34-A66C-2110CADEA8D6}.Debug|Any CPU.ActiveCfg = Debug|Any CPU
		{6F43D814-4F86-4F34-A66C-2110CADEA8D6}.Debug|Any CPU.Build.0 = Debug|Any CPU
		{6F43D814-4F86-4F34-A66C-2110CADEA8D6}.Release|Any CPU.ActiveCfg = Release|Any CPU
		{6F43D814-4F86-4F34-A66C-2110CADEA8D6}.Release|Any CPU.Build.0 = Release|Any CPU
		{C6182D6C-504A-4C66-8FD2-428BC0CF06BB}.Debug|Any CPU.ActiveCfg = Debug|Any CPU
		{C6182D6C-504A-4C66-8FD2-428BC0CF06BB}.Debug|Any CPU.Build.0 = Debug|Any CPU
		{C6182D6C-504A-4C66-8FD2-428BC0CF06BB}.Release|Any CPU.ActiveCfg = Release|Any CPU
		{C6182D6C-504A-4C66-8FD2-428BC0CF06BB}.Release|Any CPU.Build.0 = Release|Any CPU
		{D5655C05-59B6-47DB-B4CE-FBF908AA4AE7}.Debug|Any CPU.ActiveCfg = Debug|Any CPU
		{D5655C05-59B6-47DB-B4CE-FBF908AA4AE7}.Debug|Any CPU.Build.0 = Debug|Any CPU
		{D5655C05-59B6-47DB-B4CE-FBF908AA4AE7}.Release|Any CPU.ActiveCfg = Release|Any CPU
		{D5655C05-59B6-47DB-B4CE-FBF908AA4AE7}.Release|Any CPU.Build.0 = Release|Any CPU
		{AAE6FC92-61C9-4F4D-B754-DE0CE12B8884}.Debug|Any CPU.ActiveCfg = Debug|Any CPU
		{AAE6FC92-61C9-4F4D-B754-DE0CE12B8884}.Debug|Any CPU.Build.0 = Debug|Any CPU
		{AAE6FC92-61C9-4F4D-B754-DE0CE12B8884}.Release|Any CPU.ActiveCfg = Release|Any CPU
		{AAE6FC92-61C9-4F4D-B754-DE0CE12B8884}.Release|Any CPU.Build.0 = Release|Any CPU
		{6D07A034-DD74-45E9-9677-0F8766C3059F}.Debug|Any CPU.ActiveCfg = Debug|Any CPU
		{6D07A034-DD74-45E9-9677-0F8766C3059F}.Debug|Any CPU.Build.0 = Debug|Any CPU
		{6D07A034-DD74-45E9-9677-0F8766C3059F}.Release|Any CPU.ActiveCfg = Release|Any CPU
		{6D07A034-DD74-45E9-9677-0F8766C3059F}.Release|Any CPU.Build.0 = Release|Any CPU
	EndGlobalSection
	GlobalSection(SolutionProperties) = preSolution
		HideSolutionNode = FALSE
	EndGlobalSection
	GlobalSection(NestedProjects) = preSolution
		{A88058CA-1CA9-4BB1-AF13-B7D02D801BE6} = {F9E00131-A7DB-47A4-9216-3BC75D96DAA0}
		{3C603B60-1A78-4702-9241-937A8B8A24B3} = {F9E00131-A7DB-47A4-9216-3BC75D96DAA0}
		{36B6D9E7-4E75-4BC6-8F3B-C98A0D0A54B0} = {F9E00131-A7DB-47A4-9216-3BC75D96DAA0}
		{DB439428-930F-4682-A733-D3678D4417E4} = {F9E00131-A7DB-47A4-9216-3BC75D96DAA0}
		{4F0B4FDD-E1EE-4EB2-98F3-B52F89ED8A57} = {F9E00131-A7DB-47A4-9216-3BC75D96DAA0}
		{435CE8F4-974A-4FAC-A920-47942F0B3118} = {F9E00131-A7DB-47A4-9216-3BC75D96DAA0}
		{5E736DF1-0E84-4002-9C40-233D8D78664F} = {F9E00131-A7DB-47A4-9216-3BC75D96DAA0}
		{1AD58FA7-8EEF-4067-AAB4-8DE0FE818380} = {0F5F923A-B76D-4CFE-B866-7FB229D7C7D6}
		{B57C30A0-A139-48C7-AD1A-D0AF16E8F2F4} = {0F5F923A-B76D-4CFE-B866-7FB229D7C7D6}
		{6F43D814-4F86-4F34-A66C-2110CADEA8D6} = {0F5F923A-B76D-4CFE-B866-7FB229D7C7D6}
		{C6182D6C-504A-4C66-8FD2-428BC0CF06BB} = {0F5F923A-B76D-4CFE-B866-7FB229D7C7D6}
		{D5655C05-59B6-47DB-B4CE-FBF908AA4AE7} = {0F5F923A-B76D-4CFE-B866-7FB229D7C7D6}
		{AAE6FC92-61C9-4F4D-B754-DE0CE12B8884} = {0F5F923A-B76D-4CFE-B866-7FB229D7C7D6}
		{6D07A034-DD74-45E9-9677-0F8766C3059F} = {0F5F923A-B76D-4CFE-B866-7FB229D7C7D6}
	EndGlobalSection
	GlobalSection(ExtensibilityGlobals) = postSolution
		SolutionGuid = {05442B03-91AC-47E9-9151-BD2B9F5A27F4}
	EndGlobalSection
EndGlobal
