
Microsoft Visual Studio Solution File, Format Version 12.00
# Visual Studio 2012
Project("{FAE04EC0-301F-11D3-BF4B-00C04F79EFBC}") = "StringCalculator2", "StringCalculator2\StringCalculator2.csproj", "{5ECD2D96-9CAF-42AE-9525-9A4BDFF8F4A3}"
EndProject
Project("{FAE04EC0-301F-11D3-BF4B-00C04F79EFBC}") = "StringCalculator2Tests", "StringCalculator2Tests\StringCalculator2Tests.csproj", "{B9C24D92-CFF7-4E4B-BC51-3B3D56A48E04}"
EndProject
Global
	GlobalSection(SolutionConfigurationPlatforms) = preSolution
		Debug|Any CPU = Debug|Any CPU
		Release|Any CPU = Release|Any CPU
	EndGlobalSection
	GlobalSection(ProjectConfigurationPlatforms) = postSolution
		{5ECD2D96-9CAF-42AE-9525-9A4BDFF8F4A3}.Debug|Any CPU.ActiveCfg = Debug|Any CPU
		{5ECD2D96-9CAF-42AE-9525-9A4BDFF8F4A3}.Debug|Any CPU.Build.0 = Debug|Any CPU
		{5ECD2D96-9CAF-42AE-9525-9A4BDFF8F4A3}.Release|Any CPU.ActiveCfg = Release|Any CPU
		{5ECD2D96-9CAF-42AE-9525-9A4BDFF8F4A3}.Release|Any CPU.Build.0 = Release|Any CPU
		{B9C24D92-CFF7-4E4B-BC51-3B3D56A48E04}.Debug|Any CPU.ActiveCfg = Debug|Any CPU
		{B9C24D92-CFF7-4E4B-BC51-3B3D56A48E04}.Debug|Any CPU.Build.0 = Debug|Any CPU
		{B9C24D92-CFF7-4E4B-BC51-3B3D56A48E04}.Release|Any CPU.ActiveCfg = Release|Any CPU
		{B9C24D92-CFF7-4E4B-BC51-3B3D56A48E04}.Release|Any CPU.Build.0 = Release|Any CPU
	EndGlobalSection
	GlobalSection(SolutionProperties) = preSolution
		HideSolutionNode = FALSE
	EndGlobalSection
EndGlobal
